[[package]]
name = "byteorder"
version = "1.2.6"
source = "registry+https://github.com/rust-lang/crates.io-index"

[[package]]
name = "sqlite-rust"
version = "0.1.0"
dependencies = [
 "byteorder 1.2.6 (registry+https://github.com/rust-lang/crates.io-index)",
 "text_io 0.1.7 (registry+https://github.com/rust-lang/crates.io-index)",
]

[[package]]
name = "text_io"
version = "0.1.7"
source = "registry+https://github.com/rust-lang/crates.io-index"

[metadata]
"checksum byteorder 1.2.6 (registry+https://github.com/rust-lang/crates.io-index)" = "90492c5858dd7d2e78691cfb89f90d273a2800fc11d98f60786e5d87e2f83781"
"checksum text_io 0.1.7 (registry+https://github.com/rust-lang/crates.io-index)" = "9658b61ebd1d2a40c276ba2335890b9eb6550b67458a6fbce2022e58c3350a50"
